
Microsoft Visual Studio Solution File, Format Version 12.00
Project("{FAE04EC0-301F-11D3-BF4B-00C04F79EFBC}") = "Domain", "Domain\Domain.csproj", "{F6513EE5-DFCF-4016-9606-EF2FD4A39E33}"
EndProject
Project("{FAE04EC0-301F-11D3-BF4B-00C04F79EFBC}") = "Hive.SeedWorks", "C:\Users\Ekstrem\Documents\GitHub\Hive\Source\Hive.SeedWorks.csproj", "{E3228979-F45C-46E1-99B3-7D1698E1C558}"
EndProject
Project("{FAE04EC0-301F-11D3-BF4B-00C04F79EFBC}") = "Domain.Tests", "Domain.Tests\Domain.Tests.csproj", "{8599B2C4-BF35-4EFB-8976-B9E6D3FC6966}"
EndProject
Global
	GlobalSection(SolutionConfigurationPlatforms) = preSolution
		Debug|Any CPU = Debug|Any CPU
		Release|Any CPU = Release|Any CPU
	EndGlobalSection
	GlobalSection(ProjectConfigurationPlatforms) = postSolution
		{F6513EE5-DFCF-4016-9606-EF2FD4A39E33}.Debug|Any CPU.ActiveCfg = Debug|Any CPU
		{F6513EE5-DFCF-4016-9606-EF2FD4A39E33}.Debug|Any CPU.Build.0 = Debug|Any CPU
		{F6513EE5-DFCF-4016-9606-EF2FD4A39E33}.Release|Any CPU.ActiveCfg = Release|Any CPU
		{F6513EE5-DFCF-4016-9606-EF2FD4A39E33}.Release|Any CPU.Build.0 = Release|Any CPU
		{E3228979-F45C-46E1-99B3-7D1698E1C558}.Debug|Any CPU.ActiveCfg = Debug|Any CPU
		{E3228979-F45C-46E1-99B3-7D1698E1C558}.Debug|Any CPU.Build.0 = Debug|Any CPU
		{E3228979-F45C-46E1-99B3-7D1698E1C558}.Release|Any CPU.ActiveCfg = Release|Any CPU
		{E3228979-F45C-46E1-99B3-7D1698E1C558}.Release|Any CPU.Build.0 = Release|Any CPU
		{8599B2C4-BF35-4EFB-8976-B9E6D3FC6966}.Debug|Any CPU.ActiveCfg = Debug|Any CPU
		{8599B2C4-BF35-4EFB-8976-B9E6D3FC6966}.Debug|Any CPU.Build.0 = Debug|Any CPU
		{8599B2C4-BF35-4EFB-8976-B9E6D3FC6966}.Release|Any CPU.ActiveCfg = Release|Any CPU
		{8599B2C4-BF35-4EFB-8976-B9E6D3FC6966}.Release|Any CPU.Build.0 = Release|Any CPU
	EndGlobalSection
EndGlobal
